// !$*UTF8*$!
{
	archiveVersion = 1;
	classes = {
	};
	objectVersion = 46;
	objects = {

/* Begin PBXBuildFile section */
		9D1F58501A333FCD00073690 /* DynamicCellSizer.swift in Sources */ = {isa = PBXBuildFile; fileRef = 9D1F584F1A333FCD00073690 /* DynamicCellSizer.swift */; };
		9D1F58511A333FCD00073690 /* DynamicCellSizer.swift in Sources */ = {isa = PBXBuildFile; fileRef = 9D1F584F1A333FCD00073690 /* DynamicCellSizer.swift */; };
		9D1F58531A337C2800073690 /* ImageCell.swift in Sources */ = {isa = PBXBuildFile; fileRef = 9D1F58521A337C2800073690 /* ImageCell.swift */; };
		9D1F58541A337C2800073690 /* ImageCell.swift in Sources */ = {isa = PBXBuildFile; fileRef = 9D1F58521A337C2800073690 /* ImageCell.swift */; };
		9D1F58561A339C9600073690 /* SizeableTableViewCell.swift in Sources */ = {isa = PBXBuildFile; fileRef = 9D1F58551A339C9600073690 /* SizeableTableViewCell.swift */; };
		9D1F58571A339C9600073690 /* SizeableTableViewCell.swift in Sources */ = {isa = PBXBuildFile; fileRef = 9D1F58551A339C9600073690 /* SizeableTableViewCell.swift */; };
		9D5966221A321D1600649E42 /* AppDelegate.swift in Sources */ = {isa = PBXBuildFile; fileRef = 9D5966211A321D1600649E42 /* AppDelegate.swift */; };
		9D5966241A321D1600649E42 /* ViewController.swift in Sources */ = {isa = PBXBuildFile; fileRef = 9D5966231A321D1600649E42 /* ViewController.swift */; };
		9D5966271A321D1600649E42 /* Main.storyboard in Resources */ = {isa = PBXBuildFile; fileRef = 9D5966251A321D1600649E42 /* Main.storyboard */; };
		9D5966291A321D1600649E42 /* Images.xcassets in Resources */ = {isa = PBXBuildFile; fileRef = 9D5966281A321D1600649E42 /* Images.xcassets */; };
		9D59662C1A321D1600649E42 /* LaunchScreen.xib in Resources */ = {isa = PBXBuildFile; fileRef = 9D59662A1A321D1600649E42 /* LaunchScreen.xib */; };
		9D5966381A321D1600649E42 /* AutolayoutCellPoCTests.swift in Sources */ = {isa = PBXBuildFile; fileRef = 9D5966371A321D1600649E42 /* AutolayoutCellPoCTests.swift */; };
		9D5966421A321E1C00649E42 /* TableViewData.swift in Sources */ = {isa = PBXBuildFile; fileRef = 9D5966411A321E1C00649E42 /* TableViewData.swift */; };
		9D5966431A321E1C00649E42 /* TableViewData.swift in Sources */ = {isa = PBXBuildFile; fileRef = 9D5966411A321E1C00649E42 /* TableViewData.swift */; };
		9D5966451A32219700649E42 /* RandomNumbers.swift in Sources */ = {isa = PBXBuildFile; fileRef = 9D5966441A32219700649E42 /* RandomNumbers.swift */; };
		9D5966461A32219700649E42 /* RandomNumbers.swift in Sources */ = {isa = PBXBuildFile; fileRef = 9D5966441A32219700649E42 /* RandomNumbers.swift */; };
		9D5966481A32303D00649E42 /* TextCell.swift in Sources */ = {isa = PBXBuildFile; fileRef = 9D5966471A32303D00649E42 /* TextCell.swift */; };
		9D5966491A32303D00649E42 /* TextCell.swift in Sources */ = {isa = PBXBuildFile; fileRef = 9D5966471A32303D00649E42 /* TextCell.swift */; };
/* End PBXBuildFile section */

/* Begin PBXContainerItemProxy section */
		9D5966321A321D1600649E42 /* PBXContainerItemProxy */ = {
			isa = PBXContainerItemProxy;
			containerPortal = 9D5966141A321D1600649E42 /* Project object */;
			proxyType = 1;
			remoteGlobalIDString = 9D59661B1A321D1600649E42;
			remoteInfo = AutolayoutCellPoC;
		};
/* End PBXContainerItemProxy section */

/* Begin PBXFileReference section */
		9D1F584F1A333FCD00073690 /* DynamicCellSizer.swift */ = {isa = PBXFileReference; fileEncoding = 4; lastKnownFileType = sourcecode.swift; path = DynamicCellSizer.swift; sourceTree = "<group>"; };
		9D1F58521A337C2800073690 /* ImageCell.swift */ = {isa = PBXFileReference; fileEncoding = 4; lastKnownFileType = sourcecode.swift; path = ImageCell.swift; sourceTree = "<group>"; };
		9D1F58551A339C9600073690 /* SizeableTableViewCell.swift */ = {isa = PBXFileReference; fileEncoding = 4; lastKnownFileType = sourcecode.swift; path = SizeableTableViewCell.swift; sourceTree = "<group>"; };
		9D59661C1A321D1600649E42 /* AutolayoutCellPoC.app */ = {isa = PBXFileReference; explicitFileType = wrapper.application; includeInIndex = 0; path = AutolayoutCellPoC.app; sourceTree = BUILT_PRODUCTS_DIR; };
		9D5966201A321D1600649E42 /* Info.plist */ = {isa = PBXFileReference; lastKnownFileType = text.plist.xml; path = Info.plist; sourceTree = "<group>"; };
		9D5966211A321D1600649E42 /* AppDelegate.swift */ = {isa = PBXFileReference; lastKnownFileType = sourcecode.swift; path = AppDelegate.swift; sourceTree = "<group>"; };
		9D5966231A321D1600649E42 /* ViewController.swift */ = {isa = PBXFileReference; lastKnownFileType = sourcecode.swift; path = ViewController.swift; sourceTree = "<group>"; };
		9D5966261A321D1600649E42 /* Base */ = {isa = PBXFileReference; lastKnownFileType = file.storyboard; name = Base; path = Base.lproj/Main.storyboard; sourceTree = "<group>"; };
		9D5966281A321D1600649E42 /* Images.xcassets */ = {isa = PBXFileReference; lastKnownFileType = folder.assetcatalog; path = Images.xcassets; sourceTree = "<group>"; };
		9D59662B1A321D1600649E42 /* Base */ = {isa = PBXFileReference; lastKnownFileType = file.xib; name = Base; path = Base.lproj/LaunchScreen.xib; sourceTree = "<group>"; };
		9D5966311A321D1600649E42 /* AutolayoutCellPoCTests.xctest */ = {isa = PBXFileReference; explicitFileType = wrapper.cfbundle; includeInIndex = 0; path = AutolayoutCellPoCTests.xctest; sourceTree = BUILT_PRODUCTS_DIR; };
		9D5966361A321D1600649E42 /* Info.plist */ = {isa = PBXFileReference; lastKnownFileType = text.plist.xml; path = Info.plist; sourceTree = "<group>"; };
		9D5966371A321D1600649E42 /* AutolayoutCellPoCTests.swift */ = {isa = PBXFileReference; lastKnownFileType = sourcecode.swift; path = AutolayoutCellPoCTests.swift; sourceTree = "<group>"; };
		9D5966411A321E1C00649E42 /* TableViewData.swift */ = {isa = PBXFileReference; fileEncoding = 4; lastKnownFileType = sourcecode.swift; path = TableViewData.swift; sourceTree = "<group>"; };
		9D5966441A32219700649E42 /* RandomNumbers.swift */ = {isa = PBXFileReference; fileEncoding = 4; lastKnownFileType = sourcecode.swift; path = RandomNumbers.swift; sourceTree = "<group>"; };
		9D5966471A32303D00649E42 /* TextCell.swift */ = {isa = PBXFileReference; fileEncoding = 4; lastKnownFileType = sourcecode.swift; path = TextCell.swift; sourceTree = "<group>"; };
/* End PBXFileReference section */

/* Begin PBXFrameworksBuildPhase section */
		9D5966191A321D1600649E42 /* Frameworks */ = {
			isa = PBXFrameworksBuildPhase;
			buildActionMask = 2147483647;
			files = (
			);
			runOnlyForDeploymentPostprocessing = 0;
		};
		9D59662E1A321D1600649E42 /* Frameworks */ = {
			isa = PBXFrameworksBuildPhase;
			buildActionMask = 2147483647;
			files = (
			);
			runOnlyForDeploymentPostprocessing = 0;
		};
/* End PBXFrameworksBuildPhase section */

/* Begin PBXGroup section */
		9D5966131A321D1600649E42 = {
			isa = PBXGroup;
			children = (
				9D59661E1A321D1600649E42 /* AutolayoutCellPoC */,
				9D5966341A321D1600649E42 /* AutolayoutCellPoCTests */,
				9D59661D1A321D1600649E42 /* Products */,
			);
			sourceTree = "<group>";
		};
		9D59661D1A321D1600649E42 /* Products */ = {
			isa = PBXGroup;
			children = (
				9D59661C1A321D1600649E42 /* AutolayoutCellPoC.app */,
				9D5966311A321D1600649E42 /* AutolayoutCellPoCTests.xctest */,
			);
			name = Products;
			sourceTree = "<group>";
		};
		9D59661E1A321D1600649E42 /* AutolayoutCellPoC */ = {
			isa = PBXGroup;
			children = (
				9D5966441A32219700649E42 /* RandomNumbers.swift */,
				9D5966211A321D1600649E42 /* AppDelegate.swift */,
				9D5966231A321D1600649E42 /* ViewController.swift */,
				9D5966251A321D1600649E42 /* Main.storyboard */,
				9D5966281A321D1600649E42 /* Images.xcassets */,
				9D59662A1A321D1600649E42 /* LaunchScreen.xib */,
				9D59661F1A321D1600649E42 /* Supporting Files */,
				9D5966411A321E1C00649E42 /* TableViewData.swift */,
				9D5966471A32303D00649E42 /* TextCell.swift */,
				9D1F584F1A333FCD00073690 /* DynamicCellSizer.swift */,
				9D1F58521A337C2800073690 /* ImageCell.swift */,
				9D1F58551A339C9600073690 /* SizeableTableViewCell.swift */,
			);
			path = AutolayoutCellPoC;
			sourceTree = "<group>";
		};
		9D59661F1A321D1600649E42 /* Supporting Files */ = {
			isa = PBXGroup;
			children = (
				9D5966201A321D1600649E42 /* Info.plist */,
			);
			name = "Supporting Files";
			sourceTree = "<group>";
		};
		9D5966341A321D1600649E42 /* AutolayoutCellPoCTests */ = {
			isa = PBXGroup;
			children = (
				9D5966371A321D1600649E42 /* AutolayoutCellPoCTests.swift */,
				9D5966351A321D1600649E42 /* Supporting Files */,
			);
			path = AutolayoutCellPoCTests;
			sourceTree = "<group>";
		};
		9D5966351A321D1600649E42 /* Supporting Files */ = {
			isa = PBXGroup;
			children = (
				9D5966361A321D1600649E42 /* Info.plist */,
			);
			name = "Supporting Files";
			sourceTree = "<group>";
		};
/* End PBXGroup section */

/* Begin PBXNativeTarget section */
		9D59661B1A321D1600649E42 /* AutolayoutCellPoC */ = {
			isa = PBXNativeTarget;
			buildConfigurationList = 9D59663B1A321D1600649E42 /* Build configuration list for PBXNativeTarget "AutolayoutCellPoC" */;
			buildPhases = (
				9D5966181A321D1600649E42 /* Sources */,
				9D5966191A321D1600649E42 /* Frameworks */,
				9D59661A1A321D1600649E42 /* Resources */,
			);
			buildRules = (
			);
			dependencies = (
			);
			name = AutolayoutCellPoC;
			productName = AutolayoutCellPoC;
			productReference = 9D59661C1A321D1600649E42 /* AutolayoutCellPoC.app */;
			productType = "com.apple.product-type.application";
		};
		9D5966301A321D1600649E42 /* AutolayoutCellPoCTests */ = {
			isa = PBXNativeTarget;
			buildConfigurationList = 9D59663E1A321D1600649E42 /* Build configuration list for PBXNativeTarget "AutolayoutCellPoCTests" */;
			buildPhases = (
				9D59662D1A321D1600649E42 /* Sources */,
				9D59662E1A321D1600649E42 /* Frameworks */,
				9D59662F1A321D1600649E42 /* Resources */,
			);
			buildRules = (
			);
			dependencies = (
				9D5966331A321D1600649E42 /* PBXTargetDependency */,
			);
			name = AutolayoutCellPoCTests;
			productName = AutolayoutCellPoCTests;
			productReference = 9D5966311A321D1600649E42 /* AutolayoutCellPoCTests.xctest */;
			productType = "com.apple.product-type.bundle.unit-test";
		};
/* End PBXNativeTarget section */

/* Begin PBXProject section */
		9D5966141A321D1600649E42 /* Project object */ = {
			isa = PBXProject;
			attributes = {
				LastUpgradeCheck = 0610;
				ORGANIZATIONNAME = youandthegang.com;
				TargetAttributes = {
					9D59661B1A321D1600649E42 = {
						CreatedOnToolsVersion = 6.1;
					};
					9D5966301A321D1600649E42 = {
						CreatedOnToolsVersion = 6.1;
						TestTargetID = 9D59661B1A321D1600649E42;
					};
				};
			};
			buildConfigurationList = 9D5966171A321D1600649E42 /* Build configuration list for PBXProject "AutolayoutCellPoC" */;
			compatibilityVersion = "Xcode 3.2";
			developmentRegion = English;
			hasScannedForEncodings = 0;
			knownRegions = (
				en,
				Base,
			);
			mainGroup = 9D5966131A321D1600649E42;
			productRefGroup = 9D59661D1A321D1600649E42 /* Products */;
			projectDirPath = "";
			projectRoot = "";
			targets = (
				9D59661B1A321D1600649E42 /* AutolayoutCellPoC */,
				9D5966301A321D1600649E42 /* AutolayoutCellPoCTests */,
			);
		};
/* End PBXProject section */

/* Begin PBXResourcesBuildPhase section */
		9D59661A1A321D1600649E42 /* Resources */ = {
			isa = PBXResourcesBuildPhase;
			buildActionMask = 2147483647;
			files = (
				9D5966271A321D1600649E42 /* Main.storyboard in Resources */,
				9D59662C1A321D1600649E42 /* LaunchScreen.xib in Resources */,
				9D5966291A321D1600649E42 /* Images.xcassets in Resources */,
			);
			runOnlyForDeploymentPostprocessing = 0;
		};
		9D59662F1A321D1600649E42 /* Resources */ = {
			isa = PBXResourcesBuildPhase;
			buildActionMask = 2147483647;
			files = (
			);
			runOnlyForDeploymentPostprocessing = 0;
		};
/* End PBXResourcesBuildPhase section */

/* Begin PBXSourcesBuildPhase section */
		9D5966181A321D1600649E42 /* Sources */ = {
			isa = PBXSourcesBuildPhase;
			buildActionMask = 2147483647;
			files = (
				9D1F58561A339C9600073690 /* SizeableTableViewCell.swift in Sources */,
				9D5966481A32303D00649E42 /* TextCell.swift in Sources */,
				9D5966421A321E1C00649E42 /* TableViewData.swift in Sources */,
				9D5966241A321D1600649E42 /* ViewController.swift in Sources */,
				9D5966221A321D1600649E42 /* AppDelegate.swift in Sources */,
				9D1F58501A333FCD00073690 /* DynamicCellSizer.swift in Sources */,
				9D1F58531A337C2800073690 /* ImageCell.swift in Sources */,
				9D5966451A32219700649E42 /* RandomNumbers.swift in Sources */,
			);
			runOnlyForDeploymentPostprocessing = 0;
		};
		9D59662D1A321D1600649E42 /* Sources */ = {
			isa = PBXSourcesBuildPhase;
			buildActionMask = 2147483647;
			files = (
				9D1F58511A333FCD00073690 /* DynamicCellSizer.swift in Sources */,
				9D5966491A32303D00649E42 /* TextCell.swift in Sources */,
				9D1F58571A339C9600073690 /* SizeableTableViewCell.swift in Sources */,
				9D5966461A32219700649E42 /* RandomNumbers.swift in Sources */,
				9D5966381A321D1600649E42 /* AutolayoutCellPoCTests.swift in Sources */,
				9D5966431A321E1C00649E42 /* TableViewData.swift in Sources */,
				9D1F58541A337C2800073690 /* ImageCell.swift in Sources */,
			);
			runOnlyForDeploymentPostprocessing = 0;
		};
/* End PBXSourcesBuildPhase section */

/* Begin PBXTargetDependency section */
		9D5966331A321D1600649E42 /* PBXTargetDependency */ = {
			isa = PBXTargetDependency;
			target = 9D59661B1A321D1600649E42 /* AutolayoutCellPoC */;
			targetProxy = 9D5966321A321D1600649E42 /* PBXContainerItemProxy */;
		};
/* End PBXTargetDependency section */

/* Begin PBXVariantGroup section */
		9D5966251A321D1600649E42 /* Main.storyboard */ = {
			isa = PBXVariantGroup;
			children = (
				9D5966261A321D1600649E42 /* Base */,
			);
			name = Main.storyboard;
			sourceTree = "<group>";
		};
		9D59662A1A321D1600649E42 /* LaunchScreen.xib */ = {
			isa = PBXVariantGroup;
			children = (
				9D59662B1A321D1600649E42 /* Base */,
			);
			name = LaunchScreen.xib;
			sourceTree = "<group>";
		};
/* End PBXVariantGroup section */

/* Begin XCBuildConfiguration section */
		9D5966391A321D1600649E42 /* Debug */ = {
			isa = XCBuildConfiguration;
			buildSettings = {
				ALWAYS_SEARCH_USER_PATHS = NO;
				CLANG_CXX_LANGUAGE_STANDARD = "gnu++0x";
				CLANG_CXX_LIBRARY = "libc++";
				CLANG_ENABLE_MODULES = YES;
				CLANG_ENABLE_OBJC_ARC = YES;
				CLANG_WARN_BOOL_CONVERSION = YES;
				CLANG_WARN_CONSTANT_CONVERSION = YES;
				CLANG_WARN_DIRECT_OBJC_ISA_USAGE = YES_ERROR;
				CLANG_WARN_EMPTY_BODY = YES;
				CLANG_WARN_ENUM_CONVERSION = YES;
				CLANG_WARN_INT_CONVERSION = YES;
				CLANG_WARN_OBJC_ROOT_CLASS = YES_ERROR;
				CLANG_WARN_UNREACHABLE_CODE = YES;
				CLANG_WARN__DUPLICATE_METHOD_MATCH = YES;
				"CODE_SIGN_IDENTITY[sdk=iphoneos*]" = "iPhone Developer";
				COPY_PHASE_STRIP = NO;
				ENABLE_STRICT_OBJC_MSGSEND = YES;
				GCC_C_LANGUAGE_STANDARD = gnu99;
				GCC_DYNAMIC_NO_PIC = NO;
				GCC_OPTIMIZATION_LEVEL = 0;
				GCC_PREPROCESSOR_DEFINITIONS = (
					"DEBUG=1",
					"$(inherited)",
				);
				GCC_SYMBOLS_PRIVATE_EXTERN = NO;
				GCC_WARN_64_TO_32_BIT_CONVERSION = YES;
				GCC_WARN_ABOUT_RETURN_TYPE = YES_ERROR;
				GCC_WARN_UNDECLARED_SELECTOR = YES;
				GCC_WARN_UNINITIALIZED_AUTOS = YES_AGGRESSIVE;
				GCC_WARN_UNUSED_FUNCTION = YES;
				GCC_WARN_UNUSED_VARIABLE = YES;
				IPHONEOS_DEPLOYMENT_TARGET = 8.1;
				MTL_ENABLE_DEBUG_INFO = YES;
				ONLY_ACTIVE_ARCH = YES;
				SDKROOT = iphoneos;
				SWIFT_OPTIMIZATION_LEVEL = "-Onone";
			};
			name = Debug;
		};
		9D59663A1A321D1600649E42 /* Release */ = {
			isa = XCBuildConfiguration;
			buildSettings = {
				ALWAYS_SEARCH_USER_PATHS = NO;
				CLANG_CXX_LANGUAGE_STANDARD = "gnu++0x";
				CLANG_CXX_LIBRARY = "libc++";
				CLANG_ENABLE_MODULES = YES;
				CLANG_ENABLE_OBJC_ARC = YES;
				CLANG_WARN_BOOL_CONVERSION = YES;
				CLANG_WARN_CONSTANT_CONVERSION = YES;
				CLANG_WARN_DIRECT_OBJC_ISA_USAGE = YES_ERROR;
				CLANG_WARN_EMPTY_BODY = YES;
				CLANG_WARN_ENUM_CONVERSION = YES;
				CLANG_WARN_INT_CONVERSION = YES;
				CLANG_WARN_OBJC_ROOT_CLASS = YES_ERROR;
				CLANG_WARN_UNREACHABLE_CODE = YES;
				CLANG_WARN__DUPLICATE_METHOD_MATCH = YES;
				"CODE_SIGN_IDENTITY[sdk=iphoneos*]" = "iPhone Developer";
				COPY_PHASE_STRIP = YES;
				ENABLE_NS_ASSERTIONS = NO;
				ENABLE_STRICT_OBJC_MSGSEND = YES;
				GCC_C_LANGUAGE_STANDARD = gnu99;
				GCC_WARN_64_TO_32_BIT_CONVERSION = YES;
				GCC_WARN_ABOUT_RETURN_TYPE = YES_ERROR;
				GCC_WARN_UNDECLARED_SELECTOR = YES;
				GCC_WARN_UNINITIALIZED_AUTOS = YES_AGGRESSIVE;
				GCC_WARN_UNUSED_FUNCTION = YES;
				GCC_WARN_UNUSED_VARIABLE = YES;
				IPHONEOS_DEPLOYMENT_TARGET = 8.1;
				MTL_ENABLE_DEBUG_INFO = NO;
				SDKROOT = iphoneos;
				VALIDATE_PRODUCT = YES;
			};
			name = Release;
		};
		9D59663C1A321D1600649E42 /* Debug */ = {
			isa = XCBuildConfiguration;
			buildSettings = {
				ASSETCATALOG_COMPILER_APPICON_NAME = AppIcon;
				INFOPLIST_FILE = AutolayoutCellPoC/Info.plist;
				IPHONEOS_DEPLOYMENT_TARGET = 7.1;
				LD_RUNPATH_SEARCH_PATHS = "$(inherited) @executable_path/Frameworks";
				PRODUCT_NAME = "$(TARGET_NAME)";
			};
			name = Debug;
		};
		9D59663D1A321D1600649E42 /* Release */ = {
			isa = XCBuildConfiguration;
			buildSettings = {
				ASSETCATALOG_COMPILER_APPICON_NAME = AppIcon;
				INFOPLIST_FILE = AutolayoutCellPoC/Info.plist;
				IPHONEOS_DEPLOYMENT_TARGET = 7.1;
				LD_RUNPATH_SEARCH_PATHS = "$(inherited) @executable_path/Frameworks";
				PRODUCT_NAME = "$(TARGET_NAME)";
			};
			name = Release;
		};
		9D59663F1A321D1600649E42 /* Debug */ = {
			isa = XCBuildConfiguration;
			buildSettings = {
				BUNDLE_LOADER = "$(TEST_HOST)";
				FRAMEWORK_SEARCH_PATHS = (
					"$(SDKROOT)/Developer/Library/Frameworks",
					"$(inherited)",
				);
				GCC_PREPROCESSOR_DEFINITIONS = (
					"DEBUG=1",
					"$(inherited)",
				);
				INFOPLIST_FILE = AutolayoutCellPoCTests/Info.plist;
				LD_RUNPATH_SEARCH_PATHS = "$(inherited) @executable_path/Frameworks @loader_path/Frameworks";
				PRODUCT_NAME = "$(TARGET_NAME)";
				TEST_HOST = "$(BUILT_PRODUCTS_DIR)/AutolayoutCellPoC.app/AutolayoutCellPoC";
			};
			name = Debug;
		};
		9D5966401A321D1600649E42 /* Release */ = {
			isa = XCBuildConfiguration;
			buildSettings = {
				BUNDLE_LOADER = "$(TEST_HOST)";
				FRAMEWORK_SEARCH_PATHS = (
					"$(SDKROOT)/Developer/Library/Frameworks",
					"$(inherited)",
				);
				INFOPLIST_FILE = AutolayoutCellPoCTests/Info.plist;
				LD_RUNPATH_SEARCH_PATHS = "$(inherited) @executable_path/Frameworks @loader_path/Frameworks";
				PRODUCT_NAME = "$(TARGET_NAME)";
				TEST_HOST = "$(BUILT_PRODUCTS_DIR)/AutolayoutCellPoC.app/AutolayoutCellPoC";
			};
			name = Release;
		};
/* End XCBuildConfiguration section */

/* Begin XCConfigurationList section */
		9D5966171A321D1600649E42 /* Build configuration list for PBXProject "AutolayoutCellPoC" */ = {
			isa = XCConfigurationList;
			buildConfigurations = (
				9D5966391A321D1600649E42 /* Debug */,
				9D59663A1A321D1600649E42 /* Release */,
			);
			defaultConfigurationIsVisible = 0;
			defaultConfigurationName = Release;
		};
		9D59663B1A321D1600649E42 /* Build configuration list for PBXNativeTarget "AutolayoutCellPoC" */ = {
			isa = XCConfigurationList;
			buildConfigurations = (
				9D59663C1A321D1600649E42 /* Debug */,
				9D59663D1A321D1600649E42 /* Release */,
			);
			defaultConfigurationIsVisible = 0;
			defaultConfigurationName = Release;
		};
		9D59663E1A321D1600649E42 /* Build configuration list for PBXNativeTarget "AutolayoutCellPoCTests" */ = {
			isa = XCConfigurationList;
			buildConfigurations = (
				9D59663F1A321D1600649E42 /* Debug */,
				9D5966401A321D1600649E42 /* Release */,
			);
			defaultConfigurationIsVisible = 0;
			defaultConfigurationName = Release;
		};
/* End XCConfigurationList section */
	};
	rootObject = 9D5966141A321D1600649E42 /* Project object */;
}
